
Microsoft Visual Studio Solution File, Format Version 12.00
# Visual Studio 15
VisualStudioVersion = 15.0.26430.13
MinimumVisualStudioVersion = 10.0.40219.1
Project("{FAE04EC0-301F-11D3-BF4B-00C04F79EFBC}") = "Wow.Tv.Admin", "Wow.Tv.Admin\Wow.Tv.Admin.csproj", "{781615C1-B02D-42FC-A66E-1983D8802485}"
EndProject
Project("{FAE04EC0-301F-11D3-BF4B-00C04F79EFBC}") = "Wow.Fx", "..\Wow.Tv.Middle\Wow.Fx\Wow.Fx.csproj", "{233041B5-46C7-42A5-99E9-A367683B0F8B}"
EndProject
Project("{2150E333-8FDC-42A3-9474-1A3956D46DE8}") = "Wow.Tv.Middle.Model", "Wow.Tv.Middle.Model", "{6F1E2C41-8283-4862-8456-6AB2326A8798}"
EndProject
Project("{2150E333-8FDC-42A3-9474-1A3956D46DE8}") = "Db49", "Db49", "{7C4EDBEE-CD50-4303-A086-E051B7A4D2CE}"
EndProject
Project("{FAE04EC0-301F-11D3-BF4B-00C04F79EFBC}") = "Wow.Tv.Middle.Model.Db49.wowtv", "..\Wow.Tv.Middle\Wow.Tv.Middle.Model.Db49.wowtv\Wow.Tv.Middle.Model.Db49.wowtv.csproj", "{5F0A7356-AE94-4000-8C6C-0984EAE752BA}"
EndProject
Project("{FAE04EC0-301F-11D3-BF4B-00C04F79EFBC}") = "Wow.Tv.Middle.Model.Common", "..\Wow.Tv.Middle\Wow.Tv.Middle.Model.Common\Wow.Tv.Middle.Model.Common.csproj", "{24D91979-0298-4A67-A1A0-D9A61B95033D}"
EndProject
Project("{FAE04EC0-301F-11D3-BF4B-00C04F79EFBC}") = "Wow.Tv.Middle.Model.Db49.wownet", "..\Wow.Tv.Middle\Wow.Tv.Middle.Model.Db49.wownet\Wow.Tv.Middle.Model.Db49.wownet.csproj", "{8620DBD8-4216-4E47-A23D-49F1E0B0AD0F}"
EndProject
Project("{2150E333-8FDC-42A3-9474-1A3956D46DE8}") = "Db90", "Db90", "{29CE0B4D-B221-4275-92B9-384CBAA5DB10}"
EndProject
Project("{FAE04EC0-301F-11D3-BF4B-00C04F79EFBC}") = "Wow.Tv.Middle.Model.Db90.DNRS", "..\Wow.Tv.Middle\Wow.Tv.Middle.Model.Db90.DNRS\Wow.Tv.Middle.Model.Db90.DNRS.csproj", "{34C3A7B6-755E-4078-9A2B-E9F148670A64}"
EndProject
Project("{2150E333-8FDC-42A3-9474-1A3956D46DE8}") = "Db51", "Db51", "{F6BD6830-A640-474C-9703-67E3FE64CF5E}"
EndProject
Project("{FAE04EC0-301F-11D3-BF4B-00C04F79EFBC}") = "Wow.Tv.Middle.Model.Db51.contents", "..\Wow.Tv.Middle\Wow.Tv.Middle.Model.Db51.contents\Wow.Tv.Middle.Model.Db51.contents.csproj", "{CDD103E0-25DD-42A9-83B2-798FB7EF734C}"
EndProject
Project("{FAE04EC0-301F-11D3-BF4B-00C04F79EFBC}") = "Wow.Tv.Middle.Model.Db49.broadcast", "..\Wow.Tv.Middle\Wow.Tv.Middle.Model.Db49.broadcast\Wow.Tv.Middle.Model.Db49.broadcast.csproj", "{EAFB84B9-FB57-4678-A028-B0F1AE5B8E15}"
EndProject
Project("{FAE04EC0-301F-11D3-BF4B-00C04F79EFBC}") = "Wow.Tv.Middle.Model.Db49.editVOD", "..\Wow.Tv.Middle\Wow.Tv.Middle.Model.Db49.editVOD\Wow.Tv.Middle.Model.Db49.editVOD.csproj", "{A8415F2F-9BC4-4368-81BC-DDC237A3598B}"
EndProject
Project("{FAE04EC0-301F-11D3-BF4B-00C04F79EFBC}") = "Wow.Tv.Middle.Model.Db49.Article", "..\Wow.Tv.Middle\Wow.Tv.Middle.Model.Db49.Article\Wow.Tv.Middle.Model.Db49.Article.csproj", "{11EFCE12-B977-400F-A874-9479CEDD31D2}"
EndProject
Project("{2150E333-8FDC-42A3-9474-1A3956D46DE8}") = "Db89", "Db89", "{8A788956-ED5D-4CDF-8847-DDBEF78400E6}"
EndProject
Project("{FAE04EC0-301F-11D3-BF4B-00C04F79EFBC}") = "Wow.Tv.Middle.Model.Db89.wowbill", "..\Wow.Tv.Middle\Wow.Tv.Middle.Model.Db89.wowbill\Wow.Tv.Middle.Model.Db89.wowbill.csproj", "{ACCB1BE6-82A2-4942-A40E-C5108E11E1C0}"
EndProject
Project("{2150E333-8FDC-42A3-9474-1A3956D46DE8}") = "Db89", "Db89", "{46103411-BE4A-4F50-AE32-78F8CE27001C}"
EndProject
Project("{2150E333-8FDC-42A3-9474-1A3956D46DE8}") = "Db22", "Db22", "{4989992A-9D33-4BEA-A0F7-EDD73C3EF6A8}"
EndProject
Project("{FAE04EC0-301F-11D3-BF4B-00C04F79EFBC}") = "Wow.Tv.Middle.Model.Db22.stock", "..\Wow.Tv.Middle\Wow.Tv.Middle.Model.Db22.stock\Wow.Tv.Middle.Model.Db22.stock.csproj", "{CD9BBCB3-3264-4FEE-9E28-186772E19CEB}"
EndProject
Global
	GlobalSection(SubversionScc) = preSolution
		Svn-Managed = True
		Manager = AnkhSVN - Subversion Support for Visual Studio
	EndGlobalSection
	GlobalSection(SolutionConfigurationPlatforms) = preSolution
		Debug|Any CPU = Debug|Any CPU
		Release|Any CPU = Release|Any CPU
	EndGlobalSection
	GlobalSection(ProjectConfigurationPlatforms) = postSolution
		{781615C1-B02D-42FC-A66E-1983D8802485}.Debug|Any CPU.ActiveCfg = Debug|Any CPU
		{781615C1-B02D-42FC-A66E-1983D8802485}.Debug|Any CPU.Build.0 = Debug|Any CPU
		{781615C1-B02D-42FC-A66E-1983D8802485}.Release|Any CPU.ActiveCfg = Release|Any CPU
		{781615C1-B02D-42FC-A66E-1983D8802485}.Release|Any CPU.Build.0 = Release|Any CPU
		{233041B5-46C7-42A5-99E9-A367683B0F8B}.Debug|Any CPU.ActiveCfg = Debug|Any CPU
		{233041B5-46C7-42A5-99E9-A367683B0F8B}.Debug|Any CPU.Build.0 = Debug|Any CPU
		{233041B5-46C7-42A5-99E9-A367683B0F8B}.Release|Any CPU.ActiveCfg = Release|Any CPU
		{233041B5-46C7-42A5-99E9-A367683B0F8B}.Release|Any CPU.Build.0 = Release|Any CPU
		{5F0A7356-AE94-4000-8C6C-0984EAE752BA}.Debug|Any CPU.ActiveCfg = Debug|Any CPU
		{5F0A7356-AE94-4000-8C6C-0984EAE752BA}.Debug|Any CPU.Build.0 = Debug|Any CPU
		{5F0A7356-AE94-4000-8C6C-0984EAE752BA}.Release|Any CPU.ActiveCfg = Release|Any CPU
		{5F0A7356-AE94-4000-8C6C-0984EAE752BA}.Release|Any CPU.Build.0 = Release|Any CPU
		{24D91979-0298-4A67-A1A0-D9A61B95033D}.Debug|Any CPU.ActiveCfg = Debug|Any CPU
		{24D91979-0298-4A67-A1A0-D9A61B95033D}.Debug|Any CPU.Build.0 = Debug|Any CPU
		{24D91979-0298-4A67-A1A0-D9A61B95033D}.Release|Any CPU.ActiveCfg = Release|Any CPU
		{24D91979-0298-4A67-A1A0-D9A61B95033D}.Release|Any CPU.Build.0 = Release|Any CPU
		{8620DBD8-4216-4E47-A23D-49F1E0B0AD0F}.Debug|Any CPU.ActiveCfg = Debug|Any CPU
		{8620DBD8-4216-4E47-A23D-49F1E0B0AD0F}.Debug|Any CPU.Build.0 = Debug|Any CPU
		{8620DBD8-4216-4E47-A23D-49F1E0B0AD0F}.Release|Any CPU.ActiveCfg = Release|Any CPU
		{8620DBD8-4216-4E47-A23D-49F1E0B0AD0F}.Release|Any CPU.Build.0 = Release|Any CPU
		{34C3A7B6-755E-4078-9A2B-E9F148670A64}.Debug|Any CPU.ActiveCfg = Debug|Any CPU
		{34C3A7B6-755E-4078-9A2B-E9F148670A64}.Debug|Any CPU.Build.0 = Debug|Any CPU
		{34C3A7B6-755E-4078-9A2B-E9F148670A64}.Release|Any CPU.ActiveCfg = Release|Any CPU
		{34C3A7B6-755E-4078-9A2B-E9F148670A64}.Release|Any CPU.Build.0 = Release|Any CPU
		{CDD103E0-25DD-42A9-83B2-798FB7EF734C}.Debug|Any CPU.ActiveCfg = Debug|Any CPU
		{CDD103E0-25DD-42A9-83B2-798FB7EF734C}.Debug|Any CPU.Build.0 = Debug|Any CPU
		{CDD103E0-25DD-42A9-83B2-798FB7EF734C}.Release|Any CPU.ActiveCfg = Release|Any CPU
		{CDD103E0-25DD-42A9-83B2-798FB7EF734C}.Release|Any CPU.Build.0 = Release|Any CPU
		{EAFB84B9-FB57-4678-A028-B0F1AE5B8E15}.Debug|Any CPU.ActiveCfg = Debug|Any CPU
		{EAFB84B9-FB57-4678-A028-B0F1AE5B8E15}.Debug|Any CPU.Build.0 = Debug|Any CPU
		{EAFB84B9-FB57-4678-A028-B0F1AE5B8E15}.Release|Any CPU.ActiveCfg = Release|Any CPU
		{EAFB84B9-FB57-4678-A028-B0F1AE5B8E15}.Release|Any CPU.Build.0 = Release|Any CPU
		{A8415F2F-9BC4-4368-81BC-DDC237A3598B}.Debug|Any CPU.ActiveCfg = Debug|Any CPU
		{A8415F2F-9BC4-4368-81BC-DDC237A3598B}.Debug|Any CPU.Build.0 = Debug|Any CPU
		{A8415F2F-9BC4-4368-81BC-DDC237A3598B}.Release|Any CPU.ActiveCfg = Release|Any CPU
		{A8415F2F-9BC4-4368-81BC-DDC237A3598B}.Release|Any CPU.Build.0 = Release|Any CPU
		{11EFCE12-B977-400F-A874-9479CEDD31D2}.Debug|Any CPU.ActiveCfg = Debug|Any CPU
		{11EFCE12-B977-400F-A874-9479CEDD31D2}.Debug|Any CPU.Build.0 = Debug|Any CPU
		{11EFCE12-B977-400F-A874-9479CEDD31D2}.Release|Any CPU.ActiveCfg = Release|Any CPU
		{11EFCE12-B977-400F-A874-9479CEDD31D2}.Release|Any CPU.Build.0 = Release|Any CPU
		{ACCB1BE6-82A2-4942-A40E-C5108E11E1C0}.Debug|Any CPU.ActiveCfg = Debug|Any CPU
		{ACCB1BE6-82A2-4942-A40E-C5108E11E1C0}.Debug|Any CPU.Build.0 = Debug|Any CPU
		{ACCB1BE6-82A2-4942-A40E-C5108E11E1C0}.Release|Any CPU.ActiveCfg = Release|Any CPU
		{ACCB1BE6-82A2-4942-A40E-C5108E11E1C0}.Release|Any CPU.Build.0 = Release|Any CPU
		{CD9BBCB3-3264-4FEE-9E28-186772E19CEB}.Debug|Any CPU.ActiveCfg = Debug|Any CPU
		{CD9BBCB3-3264-4FEE-9E28-186772E19CEB}.Debug|Any CPU.Build.0 = Debug|Any CPU
		{CD9BBCB3-3264-4FEE-9E28-186772E19CEB}.Release|Any CPU.ActiveCfg = Release|Any CPU
		{CD9BBCB3-3264-4FEE-9E28-186772E19CEB}.Release|Any CPU.Build.0 = Release|Any CPU
	EndGlobalSection
	GlobalSection(SolutionProperties) = preSolution
		HideSolutionNode = FALSE
	EndGlobalSection
	GlobalSection(NestedProjects) = preSolution
		{7C4EDBEE-CD50-4303-A086-E051B7A4D2CE} = {6F1E2C41-8283-4862-8456-6AB2326A8798}
		{5F0A7356-AE94-4000-8C6C-0984EAE752BA} = {7C4EDBEE-CD50-4303-A086-E051B7A4D2CE}
		{24D91979-0298-4A67-A1A0-D9A61B95033D} = {6F1E2C41-8283-4862-8456-6AB2326A8798}
		{8620DBD8-4216-4E47-A23D-49F1E0B0AD0F} = {7C4EDBEE-CD50-4303-A086-E051B7A4D2CE}
		{29CE0B4D-B221-4275-92B9-384CBAA5DB10} = {6F1E2C41-8283-4862-8456-6AB2326A8798}
		{34C3A7B6-755E-4078-9A2B-E9F148670A64} = {29CE0B4D-B221-4275-92B9-384CBAA5DB10}
		{F6BD6830-A640-474C-9703-67E3FE64CF5E} = {6F1E2C41-8283-4862-8456-6AB2326A8798}
		{CDD103E0-25DD-42A9-83B2-798FB7EF734C} = {F6BD6830-A640-474C-9703-67E3FE64CF5E}
		{EAFB84B9-FB57-4678-A028-B0F1AE5B8E15} = {7C4EDBEE-CD50-4303-A086-E051B7A4D2CE}
		{A8415F2F-9BC4-4368-81BC-DDC237A3598B} = {7C4EDBEE-CD50-4303-A086-E051B7A4D2CE}
		{11EFCE12-B977-400F-A874-9479CEDD31D2} = {7C4EDBEE-CD50-4303-A086-E051B7A4D2CE}
		{8A788956-ED5D-4CDF-8847-DDBEF78400E6} = {6F1E2C41-8283-4862-8456-6AB2326A8798}
		{ACCB1BE6-82A2-4942-A40E-C5108E11E1C0} = {46103411-BE4A-4F50-AE32-78F8CE27001C}
		{46103411-BE4A-4F50-AE32-78F8CE27001C} = {6F1E2C41-8283-4862-8456-6AB2326A8798}
		{4989992A-9D33-4BEA-A0F7-EDD73C3EF6A8} = {6F1E2C41-8283-4862-8456-6AB2326A8798}
		{CD9BBCB3-3264-4FEE-9E28-186772E19CEB} = {4989992A-9D33-4BEA-A0F7-EDD73C3EF6A8}
	EndGlobalSection
	GlobalSection(ExtensibilityGlobals) = postSolution
		SolutionGuid = {71FBE133-8C9C-4AEF-B71F-4A8A4D776CCF}
	EndGlobalSection
EndGlobal
